
Microsoft Visual Studio Solution File, Format Version 12.00
# Visual Studio 15
VisualStudioVersion = 15.0.27428.2002
MinimumVisualStudioVersion = 10.0.40219.1
Project("{FAE04EC0-301F-11D3-BF4B-00C04F79EFBC}") = "FunealParlourApp", "FunealParlourApp\FunealParlourApp.csproj", "{173CCF69-8F50-450A-8ADA-93A6A1F024C8}"
EndProject
Global
	GlobalSection(SolutionConfigurationPlatforms) = preSolution
		Debug|Any CPU = Debug|Any CPU
		Release|Any CPU = Release|Any CPU
	EndGlobalSection
	GlobalSection(ProjectConfigurationPlatforms) = postSolution
		{173CCF69-8F50-450A-8ADA-93A6A1F024C8}.Debug|Any CPU.ActiveCfg = Debug|Any CPU
		{173CCF69-8F50-450A-8ADA-93A6A1F024C8}.Debug|Any CPU.Build.0 = Debug|Any CPU
		{173CCF69-8F50-450A-8ADA-93A6A1F024C8}.Release|Any CPU.ActiveCfg = Release|Any CPU
		{173CCF69-8F50-450A-8ADA-93A6A1F024C8}.Release|Any CPU.Build.0 = Release|Any CPU
	EndGlobalSection
	GlobalSection(SolutionProperties) = preSolution
		HideSolutionNode = FALSE
	EndGlobalSection
	GlobalSection(ExtensibilityGlobals) = postSolution
		SolutionGuid = {B80A13B6-9CB4-43C0-A052-8A4D4A514D73}
	EndGlobalSection
EndGlobal
